
Microsoft Visual Studio Solution File, Format Version 12.00
# Visual Studio 14
VisualStudioVersion = 14.0.25420.1
MinimumVisualStudioVersion = 10.0.40219.1
Project("{FAE04EC0-301F-11D3-BF4B-00C04F79EFBC}") = "Chess", "SampleChat\Chess.csproj", "{ADF50F84-A19F-4045-85F6-7BFE8E14AD15}"
EndProject
Project("{FAE04EC0-301F-11D3-BF4B-00C04F79EFBC}") = "ChessWebAppTests", "ChessWebAppTests\ChessWebAppTests.csproj", "{01763EE2-27D7-408A-A815-85D3B7D668A6}"
EndProject
Project("{FAE04EC0-301F-11D3-BF4B-00C04F79EFBC}") = "Models", "Models\Models.csproj", "{37841306-0F13-485C-914F-0165EF1D7EB5}"
EndProject
Global
	GlobalSection(SolutionConfigurationPlatforms) = preSolution
		Debug|Any CPU = Debug|Any CPU
		Release|Any CPU = Release|Any CPU
	EndGlobalSection
	GlobalSection(ProjectConfigurationPlatforms) = postSolution
		{ADF50F84-A19F-4045-85F6-7BFE8E14AD15}.Debug|Any CPU.ActiveCfg = Debug|Any CPU
		{ADF50F84-A19F-4045-85F6-7BFE8E14AD15}.Debug|Any CPU.Build.0 = Debug|Any CPU
		{ADF50F84-A19F-4045-85F6-7BFE8E14AD15}.Release|Any CPU.ActiveCfg = Release|Any CPU
		{ADF50F84-A19F-4045-85F6-7BFE8E14AD15}.Release|Any CPU.Build.0 = Release|Any CPU
		{01763EE2-27D7-408A-A815-85D3B7D668A6}.Debug|Any CPU.ActiveCfg = Debug|Any CPU
		{01763EE2-27D7-408A-A815-85D3B7D668A6}.Debug|Any CPU.Build.0 = Debug|Any CPU
		{01763EE2-27D7-408A-A815-85D3B7D668A6}.Release|Any CPU.ActiveCfg = Release|Any CPU
		{01763EE2-27D7-408A-A815-85D3B7D668A6}.Release|Any CPU.Build.0 = Release|Any CPU
		{37841306-0F13-485C-914F-0165EF1D7EB5}.Debug|Any CPU.ActiveCfg = Debug|Any CPU
		{37841306-0F13-485C-914F-0165EF1D7EB5}.Debug|Any CPU.Build.0 = Debug|Any CPU
		{37841306-0F13-485C-914F-0165EF1D7EB5}.Release|Any CPU.ActiveCfg = Release|Any CPU
		{37841306-0F13-485C-914F-0165EF1D7EB5}.Release|Any CPU.Build.0 = Release|Any CPU
	EndGlobalSection
	GlobalSection(SolutionProperties) = preSolution
		HideSolutionNode = FALSE
	EndGlobalSection
EndGlobal
